
Microsoft Visual Studio Solution File, Format Version 12.00
# Visual Studio Version 16
VisualStudioVersion = 16.0.31129.286
MinimumVisualStudioVersion = 10.0.40219.1
Project("{2150E333-8FDC-42A3-9474-1A3956D46DE8}") = "src", "src", "{974BD697-68A7-477E-9C28-6334E1213302}"
EndProject
Project("{2150E333-8FDC-42A3-9474-1A3956D46DE8}") = "Tests", "Tests", "{26D14BCF-A20A-4D2E-8658-61289EA50DF2}"
EndProject
Project("{2150E333-8FDC-42A3-9474-1A3956D46DE8}") = "Kutup", "Kutup", "{FCE12A7C-920C-4247-AE43-CB82E79DBD8E}"
EndProject
Project("{9A19103F-16F7-4668-BE54-9A1E7A4F7556}") = "Kutup.Core", "Kutup.Core\Kutup.Core.csproj", "{B0265F81-87BC-4132-93E7-B3FE7D375BCD}"
EndProject
Project("{9A19103F-16F7-4668-BE54-9A1E7A4F7556}") = "Kutup.Data", "Kutup.Data\Kutup.Data.csproj", "{12B58ADC-5E38-4DA1-B097-C829381ABDAE}"
EndProject
Project("{9A19103F-16F7-4668-BE54-9A1E7A4F7556}") = "Kutup.Services", "Kutup.Services\Kutup.Services.csproj", "{171A2C32-8BA1-4C19-A8EA-BA24CDF488F8}"
EndProject
Project("{FAE04EC0-301F-11D3-BF4B-00C04F79EFBC}") = "Kutup.WebApi", "Kutup.WebApi\Kutup.WebApi.csproj", "{909F9A15-1067-4087-B714-6680BE1FB841}"
EndProject
Global
	GlobalSection(SolutionConfigurationPlatforms) = preSolution
		Debug|Any CPU = Debug|Any CPU
		Release|Any CPU = Release|Any CPU
	EndGlobalSection
	GlobalSection(ProjectConfigurationPlatforms) = postSolution
		{B0265F81-87BC-4132-93E7-B3FE7D375BCD}.Debug|Any CPU.ActiveCfg = Debug|Any CPU
		{B0265F81-87BC-4132-93E7-B3FE7D375BCD}.Debug|Any CPU.Build.0 = Debug|Any CPU
		{B0265F81-87BC-4132-93E7-B3FE7D375BCD}.Release|Any CPU.ActiveCfg = Release|Any CPU
		{B0265F81-87BC-4132-93E7-B3FE7D375BCD}.Release|Any CPU.Build.0 = Release|Any CPU
		{12B58ADC-5E38-4DA1-B097-C829381ABDAE}.Debug|Any CPU.ActiveCfg = Debug|Any CPU
		{12B58ADC-5E38-4DA1-B097-C829381ABDAE}.Debug|Any CPU.Build.0 = Debug|Any CPU
		{12B58ADC-5E38-4DA1-B097-C829381ABDAE}.Release|Any CPU.ActiveCfg = Release|Any CPU
		{12B58ADC-5E38-4DA1-B097-C829381ABDAE}.Release|Any CPU.Build.0 = Release|Any CPU
		{171A2C32-8BA1-4C19-A8EA-BA24CDF488F8}.Debug|Any CPU.ActiveCfg = Debug|Any CPU
		{171A2C32-8BA1-4C19-A8EA-BA24CDF488F8}.Debug|Any CPU.Build.0 = Debug|Any CPU
		{171A2C32-8BA1-4C19-A8EA-BA24CDF488F8}.Release|Any CPU.ActiveCfg = Release|Any CPU
		{171A2C32-8BA1-4C19-A8EA-BA24CDF488F8}.Release|Any CPU.Build.0 = Release|Any CPU
		{909F9A15-1067-4087-B714-6680BE1FB841}.Debug|Any CPU.ActiveCfg = Debug|Any CPU
		{909F9A15-1067-4087-B714-6680BE1FB841}.Debug|Any CPU.Build.0 = Debug|Any CPU
		{909F9A15-1067-4087-B714-6680BE1FB841}.Release|Any CPU.ActiveCfg = Release|Any CPU
		{909F9A15-1067-4087-B714-6680BE1FB841}.Release|Any CPU.Build.0 = Release|Any CPU
	EndGlobalSection
	GlobalSection(SolutionProperties) = preSolution
		HideSolutionNode = FALSE
	EndGlobalSection
	GlobalSection(NestedProjects) = preSolution
		{FCE12A7C-920C-4247-AE43-CB82E79DBD8E} = {974BD697-68A7-477E-9C28-6334E1213302}
		{B0265F81-87BC-4132-93E7-B3FE7D375BCD} = {FCE12A7C-920C-4247-AE43-CB82E79DBD8E}
		{12B58ADC-5E38-4DA1-B097-C829381ABDAE} = {FCE12A7C-920C-4247-AE43-CB82E79DBD8E}
		{171A2C32-8BA1-4C19-A8EA-BA24CDF488F8} = {FCE12A7C-920C-4247-AE43-CB82E79DBD8E}
		{909F9A15-1067-4087-B714-6680BE1FB841} = {FCE12A7C-920C-4247-AE43-CB82E79DBD8E}
	EndGlobalSection
	GlobalSection(ExtensibilityGlobals) = postSolution
		SolutionGuid = {3937F728-B0B8-46AA-8BB2-50EFAB7C9C5C}
	EndGlobalSection
EndGlobal
